// !$*UTF8*$!
{
	archiveVersion = 1;
	classes = {
	};
	objectVersion = 56;
	objects = {

/* Begin PBXBuildFile section */
		113D66C750BC33C91227098D /* LightLightroomApp.swift in Sources */ = {isa = PBXBuildFile; fileRef = 34CC3EB7E6DE2518C7FCAEE8 /* LightLightroomApp.swift */; };
		D03032B066C0206B964EFC5C /* ContentView.swift in Sources */ = {isa = PBXBuildFile; fileRef = 61E57D4F59EE478B78286B68 /* ContentView.swift */; };
		8338657CA226C8B6C3BB503D /* AdjustmentSettings.swift in Sources */ = {isa = PBXBuildFile; fileRef = 19BF4930D2A4727E9859A3E3 /* AdjustmentSettings.swift */; };
		839DCE0C99C33695B765804D /* AdjustmentPipeline.swift in Sources */ = {isa = PBXBuildFile; fileRef = 80AA38B06E903A08AE3E9309 /* AdjustmentPipeline.swift */; };
		A1AEC887CEA7758618DD2339 /* Assets.xcassets in Resources */ = {isa = PBXBuildFile; fileRef = D7F39220FC6CFD38BAC84F6F /* Assets.xcassets */; };
		379CFB2597CF4A1C9362F445 /* EditedPhoto.swift in Sources */ = {isa = PBXBuildFile; fileRef = F353EF5559CD401695249C06 /* EditedPhoto.swift */; };
		44059F74D59C4525A8488EA5 /* GalleryView.swift in Sources */ = {isa = PBXBuildFile; fileRef = A752412AF47E4DE1A18B72EC /* GalleryView.swift */; };
		F1A2C0571FDFBBB23FDCA7ED /* FilmstripView.swift in Sources */ = {isa = PBXBuildFile; fileRef = 8167127F1734C98FD0D14983 /* FilmstripView.swift */; };
		234D570329F74C87AAFA2A71 /* ExportService.swift in Sources */ = {isa = PBXBuildFile; fileRef = CEFE9E7594834949B8D66E74 /* ExportService.swift */; };
		88A45532BCA9F1EF4D2CF0CE /* ImageSource.swift in Sources */ = {isa = PBXBuildFile; fileRef = 2A8397D37494BE0AE36303A9 /* ImageSource.swift */; };
		38A20399B2944663858A7DFD /* HistogramView.swift in Sources */ = {isa = PBXBuildFile; fileRef = 0EB04DC562C0412D94204881 /* HistogramView.swift */; };
		DDEC4678514E488DBEDAE2C8 /* PhotoStore.swift in Sources */ = {isa = PBXBuildFile; fileRef = 1B3C949EC8D4497F8FDF8CFB /* PhotoStore.swift */; };
/* End PBXBuildFile section */

/* Begin PBXFileReference section */
		34CC3EB7E6DE2518C7FCAEE8 /* LightLightroomApp.swift */ = {isa = PBXFileReference; lastKnownFileType = sourcecode.swift; path = LightLightroomApp.swift; sourceTree = "<group>"; };
		61E57D4F59EE478B78286B68 /* ContentView.swift */ = {isa = PBXFileReference; lastKnownFileType = sourcecode.swift; path = ContentView.swift; sourceTree = "<group>"; };
		19BF4930D2A4727E9859A3E3 /* AdjustmentSettings.swift */ = {isa = PBXFileReference; lastKnownFileType = sourcecode.swift; path = AdjustmentSettings.swift; sourceTree = "<group>"; };
		80AA38B06E903A08AE3E9309 /* AdjustmentPipeline.swift */ = {isa = PBXFileReference; lastKnownFileType = sourcecode.swift; path = AdjustmentPipeline.swift; sourceTree = "<group>"; };
		D7F39220FC6CFD38BAC84F6F /* Assets.xcassets */ = {isa = PBXFileReference; lastKnownFileType = folder.assetcatalog; path = Assets.xcassets; sourceTree = "<group>"; };
		160403660171653E2A419F33 /* lightLightroom.app */ = {isa = PBXFileReference; explicitFileType = wrapper.application; includeInIndex = 0; path = lightLightroom.app; sourceTree = BUILT_PRODUCTS_DIR; };
		F353EF5559CD401695249C06 /* EditedPhoto.swift */ = {isa = PBXFileReference; lastKnownFileType = sourcecode.swift; path = EditedPhoto.swift; sourceTree = "<group>"; };
		A752412AF47E4DE1A18B72EC /* GalleryView.swift */ = {isa = PBXFileReference; lastKnownFileType = sourcecode.swift; path = GalleryView.swift; sourceTree = "<group>"; };
		8167127F1734C98FD0D14983 /* FilmstripView.swift */ = {isa = PBXFileReference; lastKnownFileType = sourcecode.swift; path = FilmstripView.swift; sourceTree = "<group>"; };
		CEFE9E7594834949B8D66E74 /* ExportService.swift */ = {isa = PBXFileReference; lastKnownFileType = sourcecode.swift; path = ExportService.swift; sourceTree = "<group>"; };
		2A8397D37494BE0AE36303A9 /* ImageSource.swift */ = {isa = PBXFileReference; lastKnownFileType = sourcecode.swift; path = ImageSource.swift; sourceTree = "<group>"; };
		0EB04DC562C0412D94204881 /* HistogramView.swift */ = {isa = PBXFileReference; lastKnownFileType = sourcecode.swift; path = HistogramView.swift; sourceTree = "<group>"; };
		1B3C949EC8D4497F8FDF8CFB /* PhotoStore.swift */ = {isa = PBXFileReference; lastKnownFileType = sourcecode.swift; path = PhotoStore.swift; sourceTree = "<group>"; };
/* End PBXFileReference section */

/* Begin PBXFrameworksBuildPhase section */
		5ABEDC17A63F5CE21A8147C9 /* Frameworks */ = {
			isa = PBXFrameworksBuildPhase;
			buildActionMask = 2147483647;
			files = (
			);
			runOnlyForDeploymentPostprocessing = 0;
		};
/* End PBXFrameworksBuildPhase section */

/* Begin PBXGroup section */
		678B30FAF98DABE79481BF94 = {
			isa = PBXGroup;
			children = (
				908CE232B31CDB20C3D2C330 /* lightLightroom */,
				A0AA5AED9517D111D5B59539 /* Products */,
			);
			sourceTree = "<group>";
		};
		908CE232B31CDB20C3D2C330 /* lightLightroom */ = {
			isa = PBXGroup;
			children = (
				34CC3EB7E6DE2518C7FCAEE8 /* LightLightroomApp.swift */,
				61E57D4F59EE478B78286B68 /* ContentView.swift */,
				19BF4930D2A4727E9859A3E3 /* AdjustmentSettings.swift */,
				80AA38B06E903A08AE3E9309 /* AdjustmentPipeline.swift */,
				F353EF5559CD401695249C06 /* EditedPhoto.swift */,
				A752412AF47E4DE1A18B72EC /* GalleryView.swift */,
				8167127F1734C98FD0D14983 /* FilmstripView.swift */,
				CEFE9E7594834949B8D66E74 /* ExportService.swift */,
				2A8397D37494BE0AE36303A9 /* ImageSource.swift */,
				0EB04DC562C0412D94204881 /* HistogramView.swift */,
				1B3C949EC8D4497F8FDF8CFB /* PhotoStore.swift */,
				D7F39220FC6CFD38BAC84F6F /* Assets.xcassets */,
			);
			path = lightLightroom;
			sourceTree = "<group>";
		};
		A0AA5AED9517D111D5B59539 /* Products */ = {
			isa = PBXGroup;
			children = (
				160403660171653E2A419F33 /* lightLightroom.app */,
			);
			name = Products;
			sourceTree = "<group>";
		};
/* End PBXGroup section */

/* Begin PBXNativeTarget section */
		144B1CB7B6756274C50F96FE /* lightLightroom */ = {
			isa = PBXNativeTarget;
			buildConfigurationList = F6A437A375D958A0F90BF77B /* Build configuration list for PBXNativeTarget "lightLightroom" */;
			buildPhases = (
				C08E6F832EDBDA911DDA1021 /* Sources */,
				5ABEDC17A63F5CE21A8147C9 /* Frameworks */,
				8A3D68873946BC3235162D32 /* Resources */,
			);
			buildRules = (
			);
			dependencies = (
			);
			name = lightLightroom;
			productName = lightLightroom;
			productReference = 160403660171653E2A419F33 /* lightLightroom.app */;
			productType = "com.apple.product-type.application";
		};
/* End PBXNativeTarget section */

/* Begin PBXProject section */
		D93667DACF17031F98C2607C /* Project object */ = {
			isa = PBXProject;
			attributes = {
				BuildIndependentTargetsInParallel = 1;
				LastSwiftUpdateCheck = 1520;
				LastUpgradeCheck = 1520;
				TargetAttributes = {
					144B1CB7B6756274C50F96FE = {
						CreatedOnToolsVersion = 15.2;
					};
				};
			};
			buildConfigurationList = F766E741FA2B105364FF5951 /* Build configuration list for PBXProject "lightLightroom" */;
			compatibilityVersion = "Xcode 14.0";
			developmentRegion = en;
			hasScannedForEncodings = 0;
			knownRegions = (
				en,
				Base,
			);
			mainGroup = 678B30FAF98DABE79481BF94;
			productRefGroup = A0AA5AED9517D111D5B59539 /* Products */;
			projectDirPath = "";
			projectRoot = "";
			targets = (
				144B1CB7B6756274C50F96FE /* lightLightroom */,
			);
		};
/* End PBXProject section */

/* Begin PBXResourcesBuildPhase section */
		8A3D68873946BC3235162D32 /* Resources */ = {
			isa = PBXResourcesBuildPhase;
			buildActionMask = 2147483647;
			files = (
				A1AEC887CEA7758618DD2339 /* Assets.xcassets in Resources */,
			);
			runOnlyForDeploymentPostprocessing = 0;
		};
/* End PBXResourcesBuildPhase section */

/* Begin PBXSourcesBuildPhase section */
		C08E6F832EDBDA911DDA1021 /* Sources */ = {
			isa = PBXSourcesBuildPhase;
			buildActionMask = 2147483647;
			files = (
				113D66C750BC33C91227098D /* LightLightroomApp.swift in Sources */,
				D03032B066C0206B964EFC5C /* ContentView.swift in Sources */,
				8338657CA226C8B6C3BB503D /* AdjustmentSettings.swift in Sources */,
				839DCE0C99C33695B765804D /* AdjustmentPipeline.swift in Sources */,
				379CFB2597CF4A1C9362F445 /* EditedPhoto.swift in Sources */,
				44059F74D59C4525A8488EA5 /* GalleryView.swift in Sources */,
				F1A2C0571FDFBBB23FDCA7ED /* FilmstripView.swift in Sources */,
				234D570329F74C87AAFA2A71 /* ExportService.swift in Sources */,
				88A45532BCA9F1EF4D2CF0CE /* ImageSource.swift in Sources */,
				38A20399B2944663858A7DFD /* HistogramView.swift in Sources */,
				DDEC4678514E488DBEDAE2C8 /* PhotoStore.swift in Sources */,
			);
			runOnlyForDeploymentPostprocessing = 0;
		};
/* End PBXSourcesBuildPhase section */

/* Begin XCBuildConfiguration section */
		20B3C307B99117D6B5E186D9 /* Debug */ = {
			isa = XCBuildConfiguration;
			buildSettings = {
				ALWAYS_SEARCH_USER_PATHS = NO;
				ASSETCATALOG_COMPILER_GENERATE_SWIFT_ASSET_SYMBOL_EXTENSIONS = YES;
				CLANG_ANALYZER_NONNULL = YES;
				CLANG_ANALYZER_NUMBER_OBJECT_CONVERSION = YES_AGGRESSIVE;
				CLANG_CXX_LANGUAGE_STANDARD = "gnu++20";
				CLANG_ENABLE_MODULES = YES;
				CLANG_ENABLE_OBJC_ARC = YES;
				CLANG_ENABLE_OBJC_WEAK = YES;
				CLANG_WARN_BLOCK_CAPTURE_AUTORELEASING = YES;
				CLANG_WARN_BOOL_CONVERSION = YES;
				CLANG_WARN_COMMA = YES;
				CLANG_WARN_CONSTANT_CONVERSION = YES;
				CLANG_WARN_DEPRECATED_OBJC_IMPLEMENTATIONS = YES;
				CLANG_WARN_DIRECT_OBJC_ISA_USAGE = YES_ERROR;
				CLANG_WARN_DOCUMENTATION_COMMENTS = YES;
				CLANG_WARN_EMPTY_BODY = YES;
				CLANG_WARN_ENUM_CONVERSION = YES;
				CLANG_WARN_INFINITE_RECURSION = YES;
				CLANG_WARN_INT_CONVERSION = YES;
				CLANG_WARN_NON_LITERAL_NULL_CONVERSION = YES;
				CLANG_WARN_OBJC_IMPLICIT_RETAIN_SELF = YES;
				CLANG_WARN_OBJC_LITERAL_CONVERSION = YES;
				CLANG_WARN_OBJC_ROOT_CLASS = YES_ERROR;
				CLANG_WARN_QUOTED_INCLUDE_IN_FRAMEWORK_HEADER = YES;
				CLANG_WARN_RANGE_LOOP_ANALYSIS = YES;
				CLANG_WARN_STRICT_PROTOTYPES = YES;
				CLANG_WARN_SUSPICIOUS_MOVE = YES;
				CLANG_WARN_UNGUARDED_AVAILABILITY = YES_AGGRESSIVE;
				CLANG_WARN_UNREACHABLE_CODE = YES;
				CLANG_WARN__DUPLICATE_METHOD_MATCH = YES;
				COPY_PHASE_STRIP = NO;
				DEBUG_INFORMATION_FORMAT = dwarf;
				ENABLE_STRICT_OBJC_MSGSEND = YES;
				ENABLE_TESTABILITY = YES;
				ENABLE_USER_SCRIPT_SANDBOXING = YES;
				GCC_C_LANGUAGE_STANDARD = gnu17;
				GCC_DYNAMIC_NO_PIC = NO;
				GCC_NO_COMMON_BLOCKS = YES;
				GCC_OPTIMIZATION_LEVEL = 0;
				GCC_PREPROCESSOR_DEFINITIONS = (
					"DEBUG=1",
					"$(inherited)",
				);
				GCC_WARN_64_TO_32_BIT_CONVERSION = YES;
				GCC_WARN_ABOUT_RETURN_TYPE = YES_ERROR;
				GCC_WARN_UNDECLARED_SELECTOR = YES;
				GCC_WARN_UNINITIALIZED_AUTOS = YES_AGGRESSIVE;
				GCC_WARN_UNUSED_FUNCTION = YES;
				GCC_WARN_UNUSED_VARIABLE = YES;
				IPHONEOS_DEPLOYMENT_TARGET = 17.0;
				MTL_ENABLE_DEBUG_INFO = INCLUDE_SOURCE;
				MTL_FAST_MATH = YES;
				ONLY_ACTIVE_ARCH = YES;
				SDKROOT = iphoneos;
				SWIFT_ACTIVE_COMPILATION_CONDITIONS = "DEBUG $(inherited)";
				SWIFT_OPTIMIZATION_LEVEL = "-Onone";
			};
			name = Debug;
		};
		A5D92392C57D1AEACB2D73D9 /* Release */ = {
			isa = XCBuildConfiguration;
			buildSettings = {
				ALWAYS_SEARCH_USER_PATHS = NO;
				ASSETCATALOG_COMPILER_GENERATE_SWIFT_ASSET_SYMBOL_EXTENSIONS = YES;
				CLANG_ANALYZER_NONNULL = YES;
				CLANG_ANALYZER_NUMBER_OBJECT_CONVERSION = YES_AGGRESSIVE;
				CLANG_CXX_LANGUAGE_STANDARD = "gnu++20";
				CLANG_ENABLE_MODULES = YES;
				CLANG_ENABLE_OBJC_ARC = YES;
				CLANG_ENABLE_OBJC_WEAK = YES;
				CLANG_WARN_BLOCK_CAPTURE_AUTORELEASING = YES;
				CLANG_WARN_BOOL_CONVERSION = YES;
				CLANG_WARN_COMMA = YES;
				CLANG_WARN_CONSTANT_CONVERSION = YES;
				CLANG_WARN_DEPRECATED_OBJC_IMPLEMENTATIONS = YES;
				CLANG_WARN_DIRECT_OBJC_ISA_USAGE = YES_ERROR;
				CLANG_WARN_DOCUMENTATION_COMMENTS = YES;
				CLANG_WARN_EMPTY_BODY = YES;
				CLANG_WARN_ENUM_CONVERSION = YES;
				CLANG_WARN_INFINITE_RECURSION = YES;
				CLANG_WARN_INT_CONVERSION = YES;
				CLANG_WARN_NON_LITERAL_NULL_CONVERSION = YES;
				CLANG_WARN_OBJC_IMPLICIT_RETAIN_SELF = YES;
				CLANG_WARN_OBJC_LITERAL_CONVERSION = YES;
				CLANG_WARN_OBJC_ROOT_CLASS = YES_ERROR;
				CLANG_WARN_QUOTED_INCLUDE_IN_FRAMEWORK_HEADER = YES;
				CLANG_WARN_RANGE_LOOP_ANALYSIS = YES;
				CLANG_WARN_STRICT_PROTOTYPES = YES;
				CLANG_WARN_SUSPICIOUS_MOVE = YES;
				CLANG_WARN_UNGUARDED_AVAILABILITY = YES_AGGRESSIVE;
				CLANG_WARN_UNREACHABLE_CODE = YES;
				CLANG_WARN__DUPLICATE_METHOD_MATCH = YES;
				COPY_PHASE_STRIP = NO;
				DEBUG_INFORMATION_FORMAT = "dwarf-with-dsym";
				ENABLE_NS_ASSERTIONS = NO;
				ENABLE_STRICT_OBJC_MSGSEND = YES;
				ENABLE_USER_SCRIPT_SANDBOXING = YES;
				GCC_C_LANGUAGE_STANDARD = gnu17;
				GCC_NO_COMMON_BLOCKS = YES;
				GCC_WARN_64_TO_32_BIT_CONVERSION = YES;
				GCC_WARN_ABOUT_RETURN_TYPE = YES_ERROR;
				GCC_WARN_UNDECLARED_SELECTOR = YES;
				GCC_WARN_UNINITIALIZED_AUTOS = YES_AGGRESSIVE;
				GCC_WARN_UNUSED_FUNCTION = YES;
				GCC_WARN_UNUSED_VARIABLE = YES;
				IPHONEOS_DEPLOYMENT_TARGET = 17.0;
				MTL_ENABLE_DEBUG_INFO = NO;
				MTL_FAST_MATH = YES;
				SDKROOT = iphoneos;
				SWIFT_COMPILATION_MODE = wholemodule;
				VALIDATE_PRODUCT = YES;
			};
			name = Release;
		};
		62648EB80CE0BBF3FFF774BF /* Debug */ = {
			isa = XCBuildConfiguration;
			buildSettings = {
				ASSETCATALOG_COMPILER_APPICON_NAME = AppIcon;
				ASSETCATALOG_COMPILER_GLOBAL_ACCENT_COLOR_NAME = AccentColor;
				CODE_SIGN_STYLE = Automatic;
				CURRENT_PROJECT_VERSION = 1;
				GENERATE_INFOPLIST_FILE = YES;
				INFOPLIST_KEY_NSPhotoLibraryAddUsageDescription = "lightLightroom saves your edited photos to your photo library.";
				INFOPLIST_KEY_UIApplicationSceneManifest_Generation = YES;
				INFOPLIST_KEY_UIApplicationSupportsIndirectInputEvents = YES;
				INFOPLIST_KEY_UILaunchScreen_Generation = YES;
				INFOPLIST_KEY_UISupportedInterfaceOrientations = "UIInterfaceOrientationPortrait UIInterfaceOrientationLandscapeLeft UIInterfaceOrientationLandscapeRight";
				INFOPLIST_KEY_UISupportedInterfaceOrientations_iPad = "UIInterfaceOrientationPortrait UIInterfaceOrientationPortraitUpsideDown UIInterfaceOrientationLandscapeLeft UIInterfaceOrientationLandscapeRight";
				LD_RUNPATH_SEARCH_PATHS = (
					"$(inherited)",
					"@executable_path/Frameworks",
				);
				MARKETING_VERSION = 1.0;
				PRODUCT_BUNDLE_IDENTIFIER = com.dannymorton.lightLightroom;
				PRODUCT_NAME = "$(TARGET_NAME)";
				SWIFT_EMIT_LOC_STRINGS = YES;
				SWIFT_VERSION = 5.0;
				TARGETED_DEVICE_FAMILY = "1,2";
			};
			name = Debug;
		};
		5FE8BEB31B3E9DC2DA779D69 /* Release */ = {
			isa = XCBuildConfiguration;
			buildSettings = {
				ASSETCATALOG_COMPILER_APPICON_NAME = AppIcon;
				ASSETCATALOG_COMPILER_GLOBAL_ACCENT_COLOR_NAME = AccentColor;
				CODE_SIGN_STYLE = Automatic;
				CURRENT_PROJECT_VERSION = 1;
				GENERATE_INFOPLIST_FILE = YES;
				INFOPLIST_KEY_NSPhotoLibraryAddUsageDescription = "lightLightroom saves your edited photos to your photo library.";
				INFOPLIST_KEY_UIApplicationSceneManifest_Generation = YES;
				INFOPLIST_KEY_UIApplicationSupportsIndirectInputEvents = YES;
				INFOPLIST_KEY_UILaunchScreen_Generation = YES;
				INFOPLIST_KEY_UISupportedInterfaceOrientations = "UIInterfaceOrientationPortrait UIInterfaceOrientationLandscapeLeft UIInterfaceOrientationLandscapeRight";
				INFOPLIST_KEY_UISupportedInterfaceOrientations_iPad = "UIInterfaceOrientationPortrait UIInterfaceOrientationPortraitUpsideDown UIInterfaceOrientationLandscapeLeft UIInterfaceOrientationLandscapeRight";
				LD_RUNPATH_SEARCH_PATHS = (
					"$(inherited)",
					"@executable_path/Frameworks",
				);
				MARKETING_VERSION = 1.0;
				PRODUCT_BUNDLE_IDENTIFIER = com.dannymorton.lightLightroom;
				PRODUCT_NAME = "$(TARGET_NAME)";
				SWIFT_EMIT_LOC_STRINGS = YES;
				SWIFT_VERSION = 5.0;
				TARGETED_DEVICE_FAMILY = "1,2";
			};
			name = Release;
		};
/* End XCBuildConfiguration section */

/* Begin XCConfigurationList section */
		F766E741FA2B105364FF5951 /* Build configuration list for PBXProject "lightLightroom" */ = {
			isa = XCConfigurationList;
			buildConfigurations = (
				20B3C307B99117D6B5E186D9 /* Debug */,
				A5D92392C57D1AEACB2D73D9 /* Release */,
			);
			defaultConfigurationIsVisible = 0;
			defaultConfigurationName = Release;
		};
		F6A437A375D958A0F90BF77B /* Build configuration list for PBXNativeTarget "lightLightroom" */ = {
			isa = XCConfigurationList;
			buildConfigurations = (
				62648EB80CE0BBF3FFF774BF /* Debug */,
				5FE8BEB31B3E9DC2DA779D69 /* Release */,
			);
			defaultConfigurationIsVisible = 0;
			defaultConfigurationName = Release;
		};
/* End XCConfigurationList section */
	};
	rootObject = D93667DACF17031F98C2607C /* Project object */;
}
